
Microsoft Visual Studio Solution File, Format Version 12.00
# Visual Studio Version 16
VisualStudioVersion = 16.0.29326.143
MinimumVisualStudioVersion = 10.0.40219.1
Project("{9A19103F-16F7-4668-BE54-9A1E7A4F7556}") = "SpellNumber", "SpellNumber\SpellNumber.csproj", "{7D73F7D5-C02D-4D01-9553-AFEFCE11F01E}"
EndProject
Project("{9A19103F-16F7-4668-BE54-9A1E7A4F7556}") = "GCart.PromotionEngine.Service", "GCart.PromotionEngine.Service\GCart.PromotionEngine.Service.csproj", "{58530280-71EB-4917-A24C-A4490CDC36E9}"
EndProject
Project("{FAE04EC0-301F-11D3-BF4B-00C04F79EFBC}") = "GCart.PrmotionEngine.Service.Tests", "GCart.PrmotionEngine.Service.Tests\GCart.PrmotionEngine.Service.Tests.csproj", "{D54A2B13-EFAB-4C68-86DB-3D5CED50428F}"
EndProject
Global
	GlobalSection(SolutionConfigurationPlatforms) = preSolution
		Debug|Any CPU = Debug|Any CPU
		Release|Any CPU = Release|Any CPU
	EndGlobalSection
	GlobalSection(ProjectConfigurationPlatforms) = postSolution
		{7D73F7D5-C02D-4D01-9553-AFEFCE11F01E}.Debug|Any CPU.ActiveCfg = Debug|Any CPU
		{7D73F7D5-C02D-4D01-9553-AFEFCE11F01E}.Debug|Any CPU.Build.0 = Debug|Any CPU
		{7D73F7D5-C02D-4D01-9553-AFEFCE11F01E}.Release|Any CPU.ActiveCfg = Release|Any CPU
		{7D73F7D5-C02D-4D01-9553-AFEFCE11F01E}.Release|Any CPU.Build.0 = Release|Any CPU
		{58530280-71EB-4917-A24C-A4490CDC36E9}.Debug|Any CPU.ActiveCfg = Debug|Any CPU
		{58530280-71EB-4917-A24C-A4490CDC36E9}.Debug|Any CPU.Build.0 = Debug|Any CPU
		{58530280-71EB-4917-A24C-A4490CDC36E9}.Release|Any CPU.ActiveCfg = Release|Any CPU
		{58530280-71EB-4917-A24C-A4490CDC36E9}.Release|Any CPU.Build.0 = Release|Any CPU
		{D54A2B13-EFAB-4C68-86DB-3D5CED50428F}.Debug|Any CPU.ActiveCfg = Debug|Any CPU
		{D54A2B13-EFAB-4C68-86DB-3D5CED50428F}.Debug|Any CPU.Build.0 = Debug|Any CPU
		{D54A2B13-EFAB-4C68-86DB-3D5CED50428F}.Release|Any CPU.ActiveCfg = Release|Any CPU
		{D54A2B13-EFAB-4C68-86DB-3D5CED50428F}.Release|Any CPU.Build.0 = Release|Any CPU
	EndGlobalSection
	GlobalSection(SolutionProperties) = preSolution
		HideSolutionNode = FALSE
	EndGlobalSection
	GlobalSection(ExtensibilityGlobals) = postSolution
		SolutionGuid = {5D20B2B3-9D2A-4C26-8FF3-42BC613161B2}
	EndGlobalSection
EndGlobal
